
Microsoft Visual Studio Solution File, Format Version 12.00
# Visual Studio 15
VisualStudioVersion = 15.0.26124.0
MinimumVisualStudioVersion = 15.0.26124.0
Project("{2150E333-8FDC-42A3-9474-1A3956D46DE8}") = "src", "src", "{0CC83EC2-6EC0-4858-BCEF-E91959BF172B}"
EndProject
Project("{FAE04EC0-301F-11D3-BF4B-00C04F79EFBC}") = "BikeDataProject.Statistics", "src\BikeDataProject.Statistics\BikeDataProject.Statistics.csproj", "{C4FE2DBC-3D55-46C0-BA43-6D5216356CDD}"
EndProject
Project("{FAE04EC0-301F-11D3-BF4B-00C04F79EFBC}") = "BikeDataProject.Statistics.Service", "src\BikeDataProject.Statistics.Service\BikeDataProject.Statistics.Service.csproj", "{C4608BD9-0455-4EF0-A5E2-AA20B7DEE22D}"
EndProject
Project("{2150E333-8FDC-42A3-9474-1A3956D46DE8}") = "root", "root", "{D4D7AB03-1554-4CBF-8D3F-46BBD7EBB785}"
	ProjectSection(SolutionItems) = preProject
		LICENSE = LICENSE
		README.md = README.md
		BikeDataProject.Statistics.sln = BikeDataProject.Statistics.sln
		.gitignore = .gitignore
		DEVELOPMENT.md = DEVELOPMENT.md
		NuGet.Config.actions = NuGet.Config.actions
	EndProjectSection
EndProject
Project("{2150E333-8FDC-42A3-9474-1A3956D46DE8}") = "tools", "tools", "{6AC1EF78-F736-45A6-8744-CE202782021C}"
EndProject
Project("{FAE04EC0-301F-11D3-BF4B-00C04F79EFBC}") = "BikeDataProject.Statistics.Tools.ImportAreas", "tools\BikeDataProject.Statistics.Tools.ImportAreas\BikeDataProject.Statistics.Tools.ImportAreas.csproj", "{837F95E1-C6E3-45AB-8940-C4D7C06F9528}"
EndProject
Project("{FAE04EC0-301F-11D3-BF4B-00C04F79EFBC}") = "BikeDataProject.Statistics.Tools.ExportVectorTiles", "tools\BikeDataProject.Statistics.Tools.ExportVectorTiles\BikeDataProject.Statistics.Tools.ExportVectorTiles.csproj", "{D912FAAE-176C-4211-A80B-FCE5AA041512}"
EndProject
Project("{FAE04EC0-301F-11D3-BF4B-00C04F79EFBC}") = "BikeDataProject.Statistics.Service.Tiles", "src\BikeDataProject.Statistics.Service.Tiles\BikeDataProject.Statistics.Service.Tiles.csproj", "{E77A51E3-BED8-46E5-B347-E7EA5134DAC6}"
EndProject
Project("{FAE04EC0-301F-11D3-BF4B-00C04F79EFBC}") = "BikeDataProject.DB", "..\db\src\BikeDataProject.DB\BikeDataProject.DB.csproj", "{2B350894-8D51-4173-8BEC-9697CFCD5E6E}"
EndProject
Global
	GlobalSection(SolutionConfigurationPlatforms) = preSolution
		Debug|Any CPU = Debug|Any CPU
		Debug|x64 = Debug|x64
		Debug|x86 = Debug|x86
		Release|Any CPU = Release|Any CPU
		Release|x64 = Release|x64
		Release|x86 = Release|x86
	EndGlobalSection
	GlobalSection(SolutionProperties) = preSolution
		HideSolutionNode = FALSE
	EndGlobalSection
	GlobalSection(ProjectConfigurationPlatforms) = postSolution
		{C4FE2DBC-3D55-46C0-BA43-6D5216356CDD}.Debug|Any CPU.ActiveCfg = Debug|Any CPU
		{C4FE2DBC-3D55-46C0-BA43-6D5216356CDD}.Debug|Any CPU.Build.0 = Debug|Any CPU
		{C4FE2DBC-3D55-46C0-BA43-6D5216356CDD}.Debug|x64.ActiveCfg = Debug|Any CPU
		{C4FE2DBC-3D55-46C0-BA43-6D5216356CDD}.Debug|x64.Build.0 = Debug|Any CPU
		{C4FE2DBC-3D55-46C0-BA43-6D5216356CDD}.Debug|x86.ActiveCfg = Debug|Any CPU
		{C4FE2DBC-3D55-46C0-BA43-6D5216356CDD}.Debug|x86.Build.0 = Debug|Any CPU
		{C4FE2DBC-3D55-46C0-BA43-6D5216356CDD}.Release|Any CPU.ActiveCfg = Release|Any CPU
		{C4FE2DBC-3D55-46C0-BA43-6D5216356CDD}.Release|Any CPU.Build.0 = Release|Any CPU
		{C4FE2DBC-3D55-46C0-BA43-6D5216356CDD}.Release|x64.ActiveCfg = Release|Any CPU
		{C4FE2DBC-3D55-46C0-BA43-6D5216356CDD}.Release|x64.Build.0 = Release|Any CPU
		{C4FE2DBC-3D55-46C0-BA43-6D5216356CDD}.Release|x86.ActiveCfg = Release|Any CPU
		{C4FE2DBC-3D55-46C0-BA43-6D5216356CDD}.Release|x86.Build.0 = Release|Any CPU
		{C4608BD9-0455-4EF0-A5E2-AA20B7DEE22D}.Debug|Any CPU.ActiveCfg = Debug|Any CPU
		{C4608BD9-0455-4EF0-A5E2-AA20B7DEE22D}.Debug|Any CPU.Build.0 = Debug|Any CPU
		{C4608BD9-0455-4EF0-A5E2-AA20B7DEE22D}.Debug|x64.ActiveCfg = Debug|Any CPU
		{C4608BD9-0455-4EF0-A5E2-AA20B7DEE22D}.Debug|x64.Build.0 = Debug|Any CPU
		{C4608BD9-0455-4EF0-A5E2-AA20B7DEE22D}.Debug|x86.ActiveCfg = Debug|Any CPU
		{C4608BD9-0455-4EF0-A5E2-AA20B7DEE22D}.Debug|x86.Build.0 = Debug|Any CPU
		{C4608BD9-0455-4EF0-A5E2-AA20B7DEE22D}.Release|Any CPU.ActiveCfg = Release|Any CPU
		{C4608BD9-0455-4EF0-A5E2-AA20B7DEE22D}.Release|Any CPU.Build.0 = Release|Any CPU
		{C4608BD9-0455-4EF0-A5E2-AA20B7DEE22D}.Release|x64.ActiveCfg = Release|Any CPU
		{C4608BD9-0455-4EF0-A5E2-AA20B7DEE22D}.Release|x64.Build.0 = Release|Any CPU
		{C4608BD9-0455-4EF0-A5E2-AA20B7DEE22D}.Release|x86.ActiveCfg = Release|Any CPU
		{C4608BD9-0455-4EF0-A5E2-AA20B7DEE22D}.Release|x86.Build.0 = Release|Any CPU
		{837F95E1-C6E3-45AB-8940-C4D7C06F9528}.Debug|Any CPU.ActiveCfg = Debug|Any CPU
		{837F95E1-C6E3-45AB-8940-C4D7C06F9528}.Debug|Any CPU.Build.0 = Debug|Any CPU
		{837F95E1-C6E3-45AB-8940-C4D7C06F9528}.Debug|x64.ActiveCfg = Debug|Any CPU
		{837F95E1-C6E3-45AB-8940-C4D7C06F9528}.Debug|x64.Build.0 = Debug|Any CPU
		{837F95E1-C6E3-45AB-8940-C4D7C06F9528}.Debug|x86.ActiveCfg = Debug|Any CPU
		{837F95E1-C6E3-45AB-8940-C4D7C06F9528}.Debug|x86.Build.0 = Debug|Any CPU
		{837F95E1-C6E3-45AB-8940-C4D7C06F9528}.Release|Any CPU.ActiveCfg = Release|Any CPU
		{837F95E1-C6E3-45AB-8940-C4D7C06F9528}.Release|Any CPU.Build.0 = Release|Any CPU
		{837F95E1-C6E3-45AB-8940-C4D7C06F9528}.Release|x64.ActiveCfg = Release|Any CPU
		{837F95E1-C6E3-45AB-8940-C4D7C06F9528}.Release|x64.Build.0 = Release|Any CPU
		{837F95E1-C6E3-45AB-8940-C4D7C06F9528}.Release|x86.ActiveCfg = Release|Any CPU
		{837F95E1-C6E3-45AB-8940-C4D7C06F9528}.Release|x86.Build.0 = Release|Any CPU
		{D912FAAE-176C-4211-A80B-FCE5AA041512}.Debug|Any CPU.ActiveCfg = Debug|Any CPU
		{D912FAAE-176C-4211-A80B-FCE5AA041512}.Debug|Any CPU.Build.0 = Debug|Any CPU
		{D912FAAE-176C-4211-A80B-FCE5AA041512}.Debug|x64.ActiveCfg = Debug|Any CPU
		{D912FAAE-176C-4211-A80B-FCE5AA041512}.Debug|x64.Build.0 = Debug|Any CPU
		{D912FAAE-176C-4211-A80B-FCE5AA041512}.Debug|x86.ActiveCfg = Debug|Any CPU
		{D912FAAE-176C-4211-A80B-FCE5AA041512}.Debug|x86.Build.0 = Debug|Any CPU
		{D912FAAE-176C-4211-A80B-FCE5AA041512}.Release|Any CPU.ActiveCfg = Release|Any CPU
		{D912FAAE-176C-4211-A80B-FCE5AA041512}.Release|Any CPU.Build.0 = Release|Any CPU
		{D912FAAE-176C-4211-A80B-FCE5AA041512}.Release|x64.ActiveCfg = Release|Any CPU
		{D912FAAE-176C-4211-A80B-FCE5AA041512}.Release|x64.Build.0 = Release|Any CPU
		{D912FAAE-176C-4211-A80B-FCE5AA041512}.Release|x86.ActiveCfg = Release|Any CPU
		{D912FAAE-176C-4211-A80B-FCE5AA041512}.Release|x86.Build.0 = Release|Any CPU
		{E77A51E3-BED8-46E5-B347-E7EA5134DAC6}.Debug|Any CPU.ActiveCfg = Debug|Any CPU
		{E77A51E3-BED8-46E5-B347-E7EA5134DAC6}.Debug|Any CPU.Build.0 = Debug|Any CPU
		{E77A51E3-BED8-46E5-B347-E7EA5134DAC6}.Debug|x64.ActiveCfg = Debug|Any CPU
		{E77A51E3-BED8-46E5-B347-E7EA5134DAC6}.Debug|x64.Build.0 = Debug|Any CPU
		{E77A51E3-BED8-46E5-B347-E7EA5134DAC6}.Debug|x86.ActiveCfg = Debug|Any CPU
		{E77A51E3-BED8-46E5-B347-E7EA5134DAC6}.Debug|x86.Build.0 = Debug|Any CPU
		{E77A51E3-BED8-46E5-B347-E7EA5134DAC6}.Release|Any CPU.ActiveCfg = Release|Any CPU
		{E77A51E3-BED8-46E5-B347-E7EA5134DAC6}.Release|Any CPU.Build.0 = Release|Any CPU
		{E77A51E3-BED8-46E5-B347-E7EA5134DAC6}.Release|x64.ActiveCfg = Release|Any CPU
		{E77A51E3-BED8-46E5-B347-E7EA5134DAC6}.Release|x64.Build.0 = Release|Any CPU
		{E77A51E3-BED8-46E5-B347-E7EA5134DAC6}.Release|x86.ActiveCfg = Release|Any CPU
		{E77A51E3-BED8-46E5-B347-E7EA5134DAC6}.Release|x86.Build.0 = Release|Any CPU
		{2B350894-8D51-4173-8BEC-9697CFCD5E6E}.Debug|Any CPU.ActiveCfg = Debug|Any CPU
		{2B350894-8D51-4173-8BEC-9697CFCD5E6E}.Debug|Any CPU.Build.0 = Debug|Any CPU
		{2B350894-8D51-4173-8BEC-9697CFCD5E6E}.Debug|x64.ActiveCfg = Debug|Any CPU
		{2B350894-8D51-4173-8BEC-9697CFCD5E6E}.Debug|x64.Build.0 = Debug|Any CPU
		{2B350894-8D51-4173-8BEC-9697CFCD5E6E}.Debug|x86.ActiveCfg = Debug|Any CPU
		{2B350894-8D51-4173-8BEC-9697CFCD5E6E}.Debug|x86.Build.0 = Debug|Any CPU
		{2B350894-8D51-4173-8BEC-9697CFCD5E6E}.Release|Any CPU.ActiveCfg = Release|Any CPU
		{2B350894-8D51-4173-8BEC-9697CFCD5E6E}.Release|Any CPU.Build.0 = Release|Any CPU
		{2B350894-8D51-4173-8BEC-9697CFCD5E6E}.Release|x64.ActiveCfg = Release|Any CPU
		{2B350894-8D51-4173-8BEC-9697CFCD5E6E}.Release|x64.Build.0 = Release|Any CPU
		{2B350894-8D51-4173-8BEC-9697CFCD5E6E}.Release|x86.ActiveCfg = Release|Any CPU
		{2B350894-8D51-4173-8BEC-9697CFCD5E6E}.Release|x86.Build.0 = Release|Any CPU
	EndGlobalSection
	GlobalSection(NestedProjects) = preSolution
		{C4FE2DBC-3D55-46C0-BA43-6D5216356CDD} = {0CC83EC2-6EC0-4858-BCEF-E91959BF172B}
		{C4608BD9-0455-4EF0-A5E2-AA20B7DEE22D} = {0CC83EC2-6EC0-4858-BCEF-E91959BF172B}
		{837F95E1-C6E3-45AB-8940-C4D7C06F9528} = {6AC1EF78-F736-45A6-8744-CE202782021C}
		{D912FAAE-176C-4211-A80B-FCE5AA041512} = {6AC1EF78-F736-45A6-8744-CE202782021C}
		{E77A51E3-BED8-46E5-B347-E7EA5134DAC6} = {0CC83EC2-6EC0-4858-BCEF-E91959BF172B}
	EndGlobalSection
EndGlobal
